
Microsoft Visual Studio Solution File, Format Version 12.00
# Visual Studio Version 17
VisualStudioVersion = 17.5.002.0
MinimumVisualStudioVersion = 10.0.40219.1
Project("{9A19103F-16F7-4668-BE54-9A1E7A4F7556}") = "Api.Test", "Api.Test\Api.Test.csproj", "{5CE0128F-B405-4F9C-874B-C8355A6CD6BA}"
EndProject
Project("{9A19103F-16F7-4668-BE54-9A1E7A4F7556}") = "Api.Contract", "Api.Contract\Api.Contract.csproj", "{71E36871-9D43-4CC5-A191-3CF9B1DDAD0B}"
EndProject
Project("{9A19103F-16F7-4668-BE54-9A1E7A4F7556}") = "Api", "Api\Api.csproj", "{DD25FFE8-2BFD-4358-A1A2-92D89D799628}"
EndProject
Global
	GlobalSection(SolutionConfigurationPlatforms) = preSolution
		Debug|Any CPU = Debug|Any CPU
		Release|Any CPU = Release|Any CPU
	EndGlobalSection
	GlobalSection(ProjectConfigurationPlatforms) = postSolution
		{5CE0128F-B405-4F9C-874B-C8355A6CD6BA}.Debug|Any CPU.ActiveCfg = Debug|Any CPU
		{5CE0128F-B405-4F9C-874B-C8355A6CD6BA}.Debug|Any CPU.Build.0 = Debug|Any CPU
		{5CE0128F-B405-4F9C-874B-C8355A6CD6BA}.Release|Any CPU.ActiveCfg = Release|Any CPU
		{5CE0128F-B405-4F9C-874B-C8355A6CD6BA}.Release|Any CPU.Build.0 = Release|Any CPU
		{71E36871-9D43-4CC5-A191-3CF9B1DDAD0B}.Debug|Any CPU.ActiveCfg = Debug|Any CPU
		{71E36871-9D43-4CC5-A191-3CF9B1DDAD0B}.Debug|Any CPU.Build.0 = Debug|Any CPU
		{71E36871-9D43-4CC5-A191-3CF9B1DDAD0B}.Release|Any CPU.ActiveCfg = Release|Any CPU
		{71E36871-9D43-4CC5-A191-3CF9B1DDAD0B}.Release|Any CPU.Build.0 = Release|Any CPU
		{DD25FFE8-2BFD-4358-A1A2-92D89D799628}.Debug|Any CPU.ActiveCfg = Debug|Any CPU
		{DD25FFE8-2BFD-4358-A1A2-92D89D799628}.Debug|Any CPU.Build.0 = Debug|Any CPU
		{DD25FFE8-2BFD-4358-A1A2-92D89D799628}.Release|Any CPU.ActiveCfg = Release|Any CPU
		{DD25FFE8-2BFD-4358-A1A2-92D89D799628}.Release|Any CPU.Build.0 = Release|Any CPU
	EndGlobalSection
	GlobalSection(SolutionProperties) = preSolution
		HideSolutionNode = FALSE
	EndGlobalSection
	GlobalSection(ExtensibilityGlobals) = postSolution
		SolutionGuid = {6EC80F57-CE6F-4372-8624-BA75FB6F0732}
	EndGlobalSection
EndGlobal
